# THIS IS AN AUTOGENERATED FILE. DO NOT EDIT THIS FILE DIRECTLY.
# yarn lockfile v1


typed.js@^2.0.11:
  version "2.0.11"
  resolved "https://registry.yarnpkg.com/typed.js/-/typed.js-2.0.11.tgz#d298a91f959f11a3803bf48b841a6fadd29640d9"
  integrity sha512-1ZORHalEyLob34q738mqmwp0pT6syMigB1SZuTItqdhovWBKFIt7I5uVALXAGQZCg2MCtihCt6uqkoqPJK+9iQ==
